{
  "name": "wicked-garden",
  "version": "12.29.1",
  "lockfileVersion": 3,
  "requires": true,
  "packages": {
    "": {
      "name": "wicked-garden",
      "version": "12.29.1",
      "license": "MIT",
      "bin": {
        "wicked-garden": "install.mjs"
      },
      "engines": {
        "node": ">=20.0.0"
      }
    }
  }
}
